
Microsoft Visual Studio Solution File, Format Version 12.00
Project("{FAE04EC0-301F-11D3-BF4B-00C04F79EFBC}") = "ManasChatDemon", "ManasChatDemon\ManasChatDemon.csproj", "{153B61D1-3AA0-4113-B04A-9B2FAB5B8A52}"
EndProject
Global
	GlobalSection(SolutionConfigurationPlatforms) = preSolution
		Debug|Any CPU = Debug|Any CPU
		Release|Any CPU = Release|Any CPU
	EndGlobalSection
	GlobalSection(ProjectConfigurationPlatforms) = postSolution
		{153B61D1-3AA0-4113-B04A-9B2FAB5B8A52}.Debug|Any CPU.ActiveCfg = Debug|Any CPU
		{153B61D1-3AA0-4113-B04A-9B2FAB5B8A52}.Debug|Any CPU.Build.0 = Debug|Any CPU
		{153B61D1-3AA0-4113-B04A-9B2FAB5B8A52}.Release|Any CPU.ActiveCfg = Release|Any CPU
		{153B61D1-3AA0-4113-B04A-9B2FAB5B8A52}.Release|Any CPU.Build.0 = Release|Any CPU
	EndGlobalSection
EndGlobal
